
Microsoft Visual Studio Solution File, Format Version 12.00
# Visual Studio Version 16
VisualStudioVersion = 16.0.29306.81
MinimumVisualStudioVersion = 10.0.40219.1
Project("{FAE04EC0-301F-11D3-BF4B-00C04F79EFBC}") = "FIRMA_ASPNET", "FIRMA_ASPNET\FIRMA_ASPNET.csproj", "{B96877ED-6B1A-4945-AFF1-5F3AF7477BA3}"
EndProject
Global
	GlobalSection(SolutionConfigurationPlatforms) = preSolution
		Debug|Any CPU = Debug|Any CPU
		Release|Any CPU = Release|Any CPU
	EndGlobalSection
	GlobalSection(ProjectConfigurationPlatforms) = postSolution
		{B96877ED-6B1A-4945-AFF1-5F3AF7477BA3}.Debug|Any CPU.ActiveCfg = Debug|Any CPU
		{B96877ED-6B1A-4945-AFF1-5F3AF7477BA3}.Debug|Any CPU.Build.0 = Debug|Any CPU
		{B96877ED-6B1A-4945-AFF1-5F3AF7477BA3}.Release|Any CPU.ActiveCfg = Release|Any CPU
		{B96877ED-6B1A-4945-AFF1-5F3AF7477BA3}.Release|Any CPU.Build.0 = Release|Any CPU
	EndGlobalSection
	GlobalSection(SolutionProperties) = preSolution
		HideSolutionNode = FALSE
	EndGlobalSection
	GlobalSection(ExtensibilityGlobals) = postSolution
		SolutionGuid = {A62B6CE6-AE09-4D5E-9977-BA58991386B7}
	EndGlobalSection
EndGlobal
